{
  "name": "sign-in-sign-up",
  "version": "1.0.0",
  "lockfileVersion": 2,
  "requires": true,
  "packages": {
    "": {
      "name": "sign-in-sign-up",
      "version": "1.0.0",
      "license": "ISC",
      "dependencies": {
        "hash-converter": "^1.0.2"
      }
    },
    "node_modules/hash-converter": {
      "version": "1.0.2",
      "resolved": "https://registry.npmjs.org/hash-converter/-/hash-converter-1.0.2.tgz",
      "integrity": "sha512-0v/o4P/gFnPZZKyZepFcxSYM3m/02Y7A7KAAQTzJ0s/0t/DO9GVna/dEZdktjleJDt4YBqbEB/JbimMBoi+FNg=="
    }
  },
  "dependencies": {
    "hash-converter": {
      "version": "1.0.2",
      "resolved": "https://registry.npmjs.org/hash-converter/-/hash-converter-1.0.2.tgz",
      "integrity": "sha512-0v/o4P/gFnPZZKyZepFcxSYM3m/02Y7A7KAAQTzJ0s/0t/DO9GVna/dEZdktjleJDt4YBqbEB/JbimMBoi+FNg=="
    }
  }
}
